
Microsoft Visual Studio Solution File, Format Version 12.00
# Visual Studio 15
VisualStudioVersion = 15.0.28010.2016
MinimumVisualStudioVersion = 10.0.40219.1
Project("{FAE04EC0-301F-11D3-BF4B-00C04F79EFBC}") = "SciTIFlib", "SciTifLib\SciTIFlib.csproj", "{8094CD1E-0B0E-45A7-80F5-277850067D9A}"
EndProject
Project("{FAE04EC0-301F-11D3-BF4B-00C04F79EFBC}") = "SciTIFdemo", "SciTifDemo\SciTIFdemo.csproj", "{6C4E4319-9F0D-409A-9611-77A6153DB9DF}"
EndProject
Project("{FAE04EC0-301F-11D3-BF4B-00C04F79EFBC}") = "SplitDirView", "SplitDirView\SplitDirView.csproj", "{F561CE42-C563-4AD3-AB55-B08E29557693}"
EndProject
Project("{FAE04EC0-301F-11D3-BF4B-00C04F79EFBC}") = "ExternalDemo", "ExternalDemo\ExternalDemo.csproj", "{C988A101-A0C8-41EC-8170-57B2353027CD}"
EndProject
Global
	GlobalSection(SolutionConfigurationPlatforms) = preSolution
		Debug|Any CPU = Debug|Any CPU
		Release|Any CPU = Release|Any CPU
	EndGlobalSection
	GlobalSection(ProjectConfigurationPlatforms) = postSolution
		{8094CD1E-0B0E-45A7-80F5-277850067D9A}.Debug|Any CPU.ActiveCfg = Debug|Any CPU
		{8094CD1E-0B0E-45A7-80F5-277850067D9A}.Debug|Any CPU.Build.0 = Debug|Any CPU
		{8094CD1E-0B0E-45A7-80F5-277850067D9A}.Release|Any CPU.ActiveCfg = Release|Any CPU
		{8094CD1E-0B0E-45A7-80F5-277850067D9A}.Release|Any CPU.Build.0 = Release|Any CPU
		{6C4E4319-9F0D-409A-9611-77A6153DB9DF}.Debug|Any CPU.ActiveCfg = Debug|Any CPU
		{6C4E4319-9F0D-409A-9611-77A6153DB9DF}.Debug|Any CPU.Build.0 = Debug|Any CPU
		{6C4E4319-9F0D-409A-9611-77A6153DB9DF}.Release|Any CPU.ActiveCfg = Release|Any CPU
		{6C4E4319-9F0D-409A-9611-77A6153DB9DF}.Release|Any CPU.Build.0 = Release|Any CPU
		{F561CE42-C563-4AD3-AB55-B08E29557693}.Debug|Any CPU.ActiveCfg = Debug|Any CPU
		{F561CE42-C563-4AD3-AB55-B08E29557693}.Debug|Any CPU.Build.0 = Debug|Any CPU
		{F561CE42-C563-4AD3-AB55-B08E29557693}.Release|Any CPU.ActiveCfg = Release|Any CPU
		{F561CE42-C563-4AD3-AB55-B08E29557693}.Release|Any CPU.Build.0 = Release|Any CPU
		{C988A101-A0C8-41EC-8170-57B2353027CD}.Debug|Any CPU.ActiveCfg = Debug|Any CPU
		{C988A101-A0C8-41EC-8170-57B2353027CD}.Debug|Any CPU.Build.0 = Debug|Any CPU
		{C988A101-A0C8-41EC-8170-57B2353027CD}.Release|Any CPU.ActiveCfg = Release|Any CPU
		{C988A101-A0C8-41EC-8170-57B2353027CD}.Release|Any CPU.Build.0 = Release|Any CPU
	EndGlobalSection
	GlobalSection(SolutionProperties) = preSolution
		HideSolutionNode = FALSE
	EndGlobalSection
	GlobalSection(ExtensibilityGlobals) = postSolution
		SolutionGuid = {9E17967B-8C4B-4872-87C6-0A2B9412B5F5}
	EndGlobalSection
EndGlobal
